
Microsoft Visual Studio Solution File, Format Version 12.00
# Visual Studio 15
VisualStudioVersion = 15.0.27130.2024
MinimumVisualStudioVersion = 10.0.40219.1
Project("{FAE04EC0-301F-11D3-BF4B-00C04F79EFBC}") = "PoloniexApi", "PoloniexApi\PoloniexApi.csproj", "{711BF717-9D39-4BEA-87FB-3B7B1BCE8161}"
EndProject
Global
	GlobalSection(SolutionConfigurationPlatforms) = preSolution
		Debug|Any CPU = Debug|Any CPU
		Release|Any CPU = Release|Any CPU
	EndGlobalSection
	GlobalSection(ProjectConfigurationPlatforms) = postSolution
		{711BF717-9D39-4BEA-87FB-3B7B1BCE8161}.Debug|Any CPU.ActiveCfg = Debug|Any CPU
		{711BF717-9D39-4BEA-87FB-3B7B1BCE8161}.Debug|Any CPU.Build.0 = Debug|Any CPU
		{711BF717-9D39-4BEA-87FB-3B7B1BCE8161}.Release|Any CPU.ActiveCfg = Release|Any CPU
		{711BF717-9D39-4BEA-87FB-3B7B1BCE8161}.Release|Any CPU.Build.0 = Release|Any CPU
	EndGlobalSection
	GlobalSection(SolutionProperties) = preSolution
		HideSolutionNode = FALSE
	EndGlobalSection
	GlobalSection(ExtensibilityGlobals) = postSolution
		SolutionGuid = {23137E79-C52E-46AB-950D-D60285F47696}
	EndGlobalSection
EndGlobal
